
Microsoft Visual Studio Solution File, Format Version 12.00
# Visual Studio 2013
VisualStudioVersion = 12.0.21005.1
MinimumVisualStudioVersion = 10.0.40219.1
Project("{FAE04EC0-301F-11D3-BF4B-00C04F79EFBC}") = "LabServer", "LabServer\LabServer.csproj", "{6D6CEB5E-5B07-4D1B-999F-10A320EDAD5C}"
EndProject
Project("{FAE04EC0-301F-11D3-BF4B-00C04F79EFBC}") = "PAD", "PAD\PAD.csproj", "{C270A730-F647-4418-BAEB-B27C89414648}"
EndProject
Project("{FAE04EC0-301F-11D3-BF4B-00C04F79EFBC}") = "Discovery", "Discovery\Discovery.csproj", "{78720220-C837-4BD0-8B95-8CD8C834A2DF}"
EndProject
Project("{FAE04EC0-301F-11D3-BF4B-00C04F79EFBC}") = "XMLValidator", "XMLValidator\XMLValidator.csproj", "{F4989BAF-A205-4C68-91D8-F4A1229AA57D}"
EndProject
Global
	GlobalSection(SolutionConfigurationPlatforms) = preSolution
		Debug|Any CPU = Debug|Any CPU
		Release|Any CPU = Release|Any CPU
	EndGlobalSection
	GlobalSection(ProjectConfigurationPlatforms) = postSolution
		{6D6CEB5E-5B07-4D1B-999F-10A320EDAD5C}.Debug|Any CPU.ActiveCfg = Debug|Any CPU
		{6D6CEB5E-5B07-4D1B-999F-10A320EDAD5C}.Debug|Any CPU.Build.0 = Debug|Any CPU
		{6D6CEB5E-5B07-4D1B-999F-10A320EDAD5C}.Release|Any CPU.ActiveCfg = Release|Any CPU
		{6D6CEB5E-5B07-4D1B-999F-10A320EDAD5C}.Release|Any CPU.Build.0 = Release|Any CPU
		{C270A730-F647-4418-BAEB-B27C89414648}.Debug|Any CPU.ActiveCfg = Debug|Any CPU
		{C270A730-F647-4418-BAEB-B27C89414648}.Debug|Any CPU.Build.0 = Debug|Any CPU
		{C270A730-F647-4418-BAEB-B27C89414648}.Release|Any CPU.ActiveCfg = Release|Any CPU
		{C270A730-F647-4418-BAEB-B27C89414648}.Release|Any CPU.Build.0 = Release|Any CPU
		{78720220-C837-4BD0-8B95-8CD8C834A2DF}.Debug|Any CPU.ActiveCfg = Debug|Any CPU
		{78720220-C837-4BD0-8B95-8CD8C834A2DF}.Debug|Any CPU.Build.0 = Debug|Any CPU
		{78720220-C837-4BD0-8B95-8CD8C834A2DF}.Release|Any CPU.ActiveCfg = Release|Any CPU
		{78720220-C837-4BD0-8B95-8CD8C834A2DF}.Release|Any CPU.Build.0 = Release|Any CPU
		{F4989BAF-A205-4C68-91D8-F4A1229AA57D}.Debug|Any CPU.ActiveCfg = Debug|Any CPU
		{F4989BAF-A205-4C68-91D8-F4A1229AA57D}.Debug|Any CPU.Build.0 = Debug|Any CPU
		{F4989BAF-A205-4C68-91D8-F4A1229AA57D}.Release|Any CPU.ActiveCfg = Release|Any CPU
		{F4989BAF-A205-4C68-91D8-F4A1229AA57D}.Release|Any CPU.Build.0 = Release|Any CPU
	EndGlobalSection
	GlobalSection(SolutionProperties) = preSolution
		HideSolutionNode = FALSE
	EndGlobalSection
EndGlobal
